{
  "version": 4,
  "terraform_version": "1.0.6",
  "serial": 334,
  "lineage": "53fc6417-89b6-b725-91f4-e0ea1ebba683",
  "outputs": {
    "droplet_ip_addresses": {
      "value": {
        "card-game-0": "64.225.24.28"
      },
      "type": [
        "object",
        {
          "card-game-0": "string"
        }
      ]
    }
  },
  "resources": [
    {
      "mode": "data",
      "type": "digitalocean_ssh_key",
      "name": "digital_ocean_pub",
      "provider": "provider[\"registry.terraform.io/digitalocean/digitalocean\"]",
      "instances": [
        {
          "schema_version": 0,
          "attributes": {
            "fingerprint": "f1:60:0b:18:44:54:32:5d:2b:3d:75:bf:44:da:87:14",
            "id": 31122269,
            "name": "digital_ocean_pub",
            "public_key": "ssh-rsa AAAAB3NzaC1yc2EAAAADAQABAAABgQCdnmC4Pi+Ork2n5XtApNEqkcbmaoJy2RBOlOfHmWC4hVRzFXso79C7zFw5lPv8Lt0nl3WPtbLsUb3dWReOu6JSAaiARgmyX4FTFvnFpsDv/sxUMQLfALvWVuVnMfq/6vv02FEOY2fqjbDWLxC5cAyPa6Mp2c02O7yp27GfiCZxB2F4Bjl4ZiJxinWmv2I4cmDTi2w3KPS1nn5nQV9GBR6ZbtKlkqD2VM3RvLZaca21T0T1niAXyNDDoL7kwHl/z3Zbi4apWGsi6+NotYXMkvNlAServZ1ccnA6dLC6wHSE4djLBi+rE2CRRzvSdRGQIzpX4SagkpAV60ruHoRU82gsyn1YaLVHt0Wj53Z6cztj9Razy96pcZCBKyhGHwMve+Ds7WFUMP0futiUmsq3xuotY3SBzXMGUQGua8C93r5nA+g+76OrM1h4acVlKf6VwP0gCmsCJuBqZBDLEthblNV9OYjdHxaDPaFSontgeqmt00wFKrIZUFlhb+nnawWae9c= royce@socrates"
          },
          "sensitive_attributes": []
        }
      ]
    },
    {
      "mode": "managed",
      "type": "digitalocean_droplet",
      "name": "card-game-server",
      "provider": "provider[\"registry.terraform.io/digitalocean/digitalocean\"]",
      "instances": [
        {
          "index_key": 0,
          "schema_version": 1,
          "attributes": {
            "backups": false,
            "created_at": "2021-10-24T05:31:30Z",
            "disk": 25,
            "droplet_agent": null,
            "graceful_shutdown": false,
            "id": "270632595",
            "image": "ubuntu-20-04-x64",
            "ipv4_address": "64.225.24.28",
            "ipv4_address_private": "10.108.0.2",
            "ipv6": false,
            "ipv6_address": "",
            "locked": false,
            "memory": 1024,
            "monitoring": false,
            "name": "card-game-0",
            "price_hourly": 0.00744,
            "price_monthly": 5,
            "private_networking": true,
            "region": "nyc3",
            "resize_disk": true,
            "size": "s-1vcpu-1gb",
            "ssh_keys": [
              "31122269"
            ],
            "status": "active",
            "tags": null,
            "urn": "do:droplet:270632595",
            "user_data": null,
            "vcpus": 1,
            "volume_ids": [],
            "vpc_uuid": "df46c271-73f8-4ee6-9a66-19035dcaf859"
          },
          "sensitive_attributes": [],
          "private": "eyJzY2hlbWFfdmVyc2lvbiI6IjEifQ==",
          "dependencies": [
            "data.digitalocean_ssh_key.digital_ocean_pub"
          ]
        }
      ]
    },
    {
      "mode": "managed",
      "type": "null_resource",
      "name": "update-docker-repo",
      "provider": "provider[\"registry.terraform.io/hashicorp/null\"]",
      "instances": [
        {
          "schema_version": 0,
          "attributes": {
            "id": "3325226797494541573",
            "triggers": null
          },
          "sensitive_attributes": [],
          "private": "bnVsbA=="
        }
      ]
    }
  ]
}
